Microsoft Visual Studio Solution File, Format Version 12.00
# Visual Studio Version 17
VisualStudioVersion = 17.10.35027.167
MinimumVisualStudioVersion = 10.0.40219.1
Project("{9A19103F-16F7-4668-BE54-9A1E7A4F7556}") = "EasyExtensions", "EasyExtensions\EasyExtensions.csproj", "{F9FE5371-F9ED-446E-BCF8-7FC2EE538A0B}"
EndProject
Project("{9A19103F-16F7-4668-BE54-9A1E7A4F7556}") = "EasyExtensions.Quartz", "EasyExtensions.Quartz\EasyExtensions.Quartz.csproj", "{364EC487-85F8-4CFE-92C1-2E7303082F97}"
EndProject
Project("{9A19103F-16F7-4668-BE54-9A1E7A4F7556}") = "EasyExtensions.AspNetCore.Authorization", "EasyExtensions.AspNetCore.Authorization\EasyExtensions.AspNetCore.Authorization.csproj", "{D7463A1F-138A-4CD9-B0B7-C2C7B0D9BC52}"
EndProject
Project("{9A19103F-16F7-4668-BE54-9A1E7A4F7556}") = "EasyExtensions.Drawing", "EasyExtensions.Drawing\EasyExtensions.Drawing.csproj", "{09EB9C06-E11C-4583-A092-E73BBCEBF1D3}"
EndProject
Project("{9A19103F-16F7-4668-BE54-9A1E7A4F7556}") = "EasyExtensions.EntityFrameworkCore", "EasyExtensions.EntityFrameworkCore\EasyExtensions.EntityFrameworkCore.csproj", "{7D063E79-9E20-4F4A-8ED5-386F11B7B990}"
EndProject
Project("{9A19103F-16F7-4668-BE54-9A1E7A4F7556}") = "EasyExtensions.Tests", "EasyExtensions.Tests\EasyExtensions.Tests.csproj", "{578C727F-EC7A-49F9-8F99-F9238349D3F9}"
EndProject
Project("{9A19103F-16F7-4668-BE54-9A1E7A4F7556}") = "EasyExtensions.AspNetCore.Sentry", "EasyExtensions.AspNetCore.Sentry\EasyExtensions.AspNetCore.Sentry.csproj", "{72C9DD2F-FCB6-471B-B0E2-D3F4171A24D1}"
EndProject
Project("{9A19103F-16F7-4668-BE54-9A1E7A4F7556}") = "EasyExtensions.AspNetCore", "EasyExtensions.AspNetCore\EasyExtensions.AspNetCore.csproj", "{F6DDCB86-FDD9-423A-AE38-6D857CA2AE05}"
EndProject
Project("{9A19103F-16F7-4668-BE54-9A1E7A4F7556}") = "EasyExtensions.EntityFrameworkCore.Npgsql", "EasyExtensions.EntityFrameworkCore.Npgsql\EasyExtensions.EntityFrameworkCore.Npgsql.csproj", "{374CA935-A23E-4FAF-A880-2B0015C7E8F3}"
EndProject
Project("{FAE04EC0-301F-11D3-BF4B-00C04F79EFBC}") = "EasyExtensions.WebDav", "EasyExtensions.WebDav\EasyExtensions.WebDav.csproj", "{C51425A6-C48C-4D46-84E0-9AED20A475AB}"
EndProject
Project("{FAE04EC0-301F-11D3-BF4B-00C04F79EFBC}") = "EasyExtensions.Windows", "EasyExtensions.Windows\EasyExtensions.Windows.csproj", "{4087D678-81E7-4BB0-A0A5-038480CAA389}"
EndProject
Project("{FAE04EC0-301F-11D3-BF4B-00C04F79EFBC}") = "EasyExtensions.Fonts", "EasyExtensions.Fonts\EasyExtensions.Fonts.csproj", "{6A4FFC3D-B5DF-C084-FC71-4B6BD4C10AE6}"
EndProject
Project("{2150E333-8FDC-42A3-9474-1A3956D46DE8}") = "Solution Items", "Solution Items", "{02EA681E-C7D8-13C7-8484-4AC65E1B71E8}"
	ProjectSection(SolutionItems) = preProject
		.editorconfig = .editorconfig
	EndProjectSection
EndProject
Global
	GlobalSection(SolutionConfigurationPlatforms) = preSolution
		Debug|Any CPU = Debug|Any CPU
		Release|Any CPU = Release|Any CPU
	EndGlobalSection
	GlobalSection(ProjectConfigurationPlatforms) = postSolution
		{F9FE5371-F9ED-446E-BCF8-7FC2EE538A0B}.Debug|Any CPU.ActiveCfg = Debug|Any CPU
		{F9FE5371-F9ED-446E-BCF8-7FC2EE538A0B}.Debug|Any CPU.Build.0 = Debug|Any CPU
		{F9FE5371-F9ED-446E-BCF8-7FC2EE538A0B}.Release|Any CPU.ActiveCfg = Release|Any CPU
		{F9FE5371-F9ED-446E-BCF8-7FC2EE538A0B}.Release|Any CPU.Build.0 = Release|Any CPU
		{364EC487-85F8-4CFE-92C1-2E7303082F97}.Debug|Any CPU.ActiveCfg = Debug|Any CPU
		{364EC487-85F8-4CFE-92C1-2E7303082F97}.Debug|Any CPU.Build.0 = Debug|Any CPU
		{364EC487-85F8-4CFE-92C1-2E7303082F97}.Release|Any CPU.ActiveCfg = Release|Any CPU
		{364EC487-85F8-4CFE-92C1-2E7303082F97}.Release|Any CPU.Build.0 = Release|Any CPU
		{D7463A1F-138A-4CD9-B0B7-C2C7B0D9BC52}.Debug|Any CPU.ActiveCfg = Debug|Any CPU
		{D7463A1F-138A-4CD9-B0B7-C2C7B0D9BC52}.Debug|Any CPU.Build.0 = Debug|Any CPU
		{D7463A1F-138A-4CD9-B0B7-C2C7B0D9BC52}.Release|Any CPU.ActiveCfg = Release|Any CPU
		{D7463A1F-138A-4CD9-B0B7-C2C7B0D9BC52}.Release|Any CPU.Build.0 = Release|Any CPU
		{09EB9C06-E11C-4583-A092-E73BBCEBF1D3}.Debug|Any CPU.ActiveCfg = Debug|Any CPU
		{09EB9C06-E11C-4583-A092-E73BBCEBF1D3}.Debug|Any CPU.Build.0 = Debug|Any CPU
		{09EB9C06-E11C-4583-A092-E73BBCEBF1D3}.Release|Any CPU.ActiveCfg = Release|Any CPU
		{09EB9C06-E11C-4583-A092-E73BBCEBF1D3}.Release|Any CPU.Build.0 = Release|Any CPU
		{7D063E79-9E20-4F4A-8ED5-386F11B7B990}.Debug|Any CPU.ActiveCfg = Debug|Any CPU
		{7D063E79-9E20-4F4A-8ED5-386F11B7B990}.Debug|Any CPU.Build.0 = Debug|Any CPU
		{7D063E79-9E20-4F4A-8ED5-386F11B7B990}.Release|Any CPU.ActiveCfg = Release|Any CPU
		{7D063E79-9E20-4F4A-8ED5-386F11B7B990}.Release|Any CPU.Build.0 = Release|Any CPU
		{578C727F-EC7A-49F9-8F99-F9238349D3F9}.Debug|Any CPU.ActiveCfg = Debug|Any CPU
		{578C727F-EC7A-49F9-8F99-F9238349D3F9}.Debug|Any CPU.Build.0 = Debug|Any CPU
		{578C727F-EC7A-49F9-8F99-F9238349D3F9}.Release|Any CPU.ActiveCfg = Release|Any CPU
		{578C727F-EC7A-49F9-8F99-F9238349D3F9}.Release|Any CPU.Build.0 = Release|Any CPU
		{72C9DD2F-FCB6-471B-B0E2-D3F4171A24D1}.Debug|Any CPU.ActiveCfg = Debug|Any CPU
		{72C9DD2F-FCB6-471B-B0E2-D3F4171A24D1}.Debug|Any CPU.Build.0 = Debug|Any CPU
		{72C9DD2F-FCB6-471B-B0E2-D3F4171A24D1}.Release|Any CPU.ActiveCfg = Release|Any CPU
		{72C9DD2F-FCB6-471B-B0E2-D3F4171A24D1}.Release|Any CPU.Build.0 = Release|Any CPU
		{F6DDCB86-FDD9-423A-AE38-6D857CA2AE05}.Debug|Any CPU.ActiveCfg = Debug|Any CPU
		{F6DDCB86-FDD9-423A-AE38-6D857CA2AE05}.Debug|Any CPU.Build.0 = Debug|Any CPU
		{F6DDCB86-FDD9-423A-AE38-6D857CA2AE05}.Release|Any CPU.ActiveCfg = Release|Any CPU
		{F6DDCB86-FDD9-423A-AE38-6D857CA2AE05}.Release|Any CPU.Build.0 = Release|Any CPU
		{374CA935-A23E-4FAF-A880-2B0015C7E8F3}.Debug|Any CPU.ActiveCfg = Debug|Any CPU
		{374CA935-A23E-4FAF-A880-2B0015C7E8F3}.Debug|Any CPU.Build.0 = Debug|Any CPU
		{374CA935-A23E-4FAF-A880-2B0015C7E8F3}.Release|Any CPU.ActiveCfg = Release|Any CPU
		{374CA935-A23E-4FAF-A880-2B0015C7E8F3}.Release|Any CPU.Build.0 = Release|Any CPU
		{C51425A6-C48C-4D46-84E0-9AED20A475AB}.Debug|Any CPU.ActiveCfg = Debug|Any CPU
		{C51425A6-C48C-4D46-84E0-9AED20A475AB}.Debug|Any CPU.Build.0 = Debug|Any CPU
		{C51425A6-C48C-4D46-84E0-9AED20A475AB}.Release|Any CPU.ActiveCfg = Release|Any CPU
		{C51425A6-C48C-4D46-84E0-9AED20A475AB}.Release|Any CPU.Build.0 = Release|Any CPU
		{4087D678-81E7-4BB0-A0A5-038480CAA389}.Debug|Any CPU.ActiveCfg = Debug|Any CPU
		{4087D678-81E7-4BB0-A0A5-038480CAA389}.Debug|Any CPU.Build.0 = Debug|Any CPU
		{4087D678-81E7-4BB0-A0A5-038480CAA389}.Release|Any CPU.ActiveCfg = Release|Any CPU
		{4087D678-81E7-4BB0-A0A5-038480CAA389}.Release|Any CPU.Build.0 = Release|Any CPU
		{6A4FFC3D-B5DF-C084-FC71-4B6BD4C10AE6}.Debug|Any CPU.ActiveCfg = Debug|Any CPU
		{6A4FFC3D-B5DF-C084-FC71-4B6BD4C10AE6}.Debug|Any CPU.Build.0 = Debug|Any CPU
		{6A4FFC3D-B5DF-C084-FC71-4B6BD4C10AE6}.Release|Any CPU.ActiveCfg = Release|Any CPU
		{6A4FFC3D-B5DF-C084-FC71-4B6BD4C10AE6}.Release|Any CPU.Build.0 = Release|Any CPU
	EndGlobalSection
	GlobalSection(SolutionProperties) = preSolution
		HideSolutionNode = FALSE
	EndGlobalSection
	GlobalSection(ExtensibilityGlobals) = postSolution
		SolutionGuid = {168A5B3D-74DA-4F5B-97BB-444CE8A73A1A}
	EndGlobalSection
EndGlobal
